
Microsoft Visual Studio Solution File, Format Version 12.00
# Visual Studio Version 16
VisualStudioVersion = 16.0.30907.101
MinimumVisualStudioVersion = 10.0.40219.1
Project("{8BC9CEB8-8B4A-11D0-8D11-00A0C91BC942}") = "OS13_COM", "lab13_COM\lab13_COM.vcxproj", "{D9F0FB0E-9FA7-4C8E-BF9C-4619A12473D9}"
EndProject
Project("{8BC9CEB8-8B4A-11D0-8D11-00A0C91BC942}") = "SimpleClient", "SimpleClient\SimpleClient.vcxproj", "{178DEE3B-837E-4219-8C68-5F9C08F81EDE}"
EndProject
Project("{8BC9CEB8-8B4A-11D0-8D11-00A0C91BC942}") = "OS13_Create", "OS13_Create\OS13_Create.vcxproj", "{68A8D2D1-1DBA-4918-9BEF-189E7DFAE4DF}"
EndProject
Project("{8BC9CEB8-8B4A-11D0-8D11-00A0C91BC942}") = "OS13_Start", "OS13_Start\OS13_Start.vcxproj", "{1BC16A5F-E0A7-4E19-8455-889BD6247A25}"
EndProject
Project("{8BC9CEB8-8B4A-11D0-8D11-00A0C91BC942}") = "OS_0402", "OS_0402\OS_0402.vcxproj", "{51D8D04B-9571-4134-83A1-0B86C9F3175B}"
EndProject
Project("{8BC9CEB8-8B4A-11D0-8D11-00A0C91BC942}") = "OS_0403", "OS_0403\OS_0403.vcxproj", "{710BAB3A-A0E2-4B66-8FA0-AE4F71D7A304}"
EndProject
Project("{8BC9CEB8-8B4A-11D0-8D11-00A0C91BC942}") = "OS_0404", "OS_0404\OS_0404.vcxproj", "{EEC04535-A514-4DEF-8BE2-11FC16766A17}"
EndProject
Project("{8BC9CEB8-8B4A-11D0-8D11-00A0C91BC942}") = "lab14", "lab14\lab14.vcxproj", "{9E4F5C3D-395F-45BC-9EE2-6838806C855C}"
EndProject
Global
	GlobalSection(SolutionConfigurationPlatforms) = preSolution
		Debug|x64 = Debug|x64
		Debug|x86 = Debug|x86
		Release|x64 = Release|x64
		Release|x86 = Release|x86
	EndGlobalSection
	GlobalSection(ProjectConfigurationPlatforms) = postSolution
		{D9F0FB0E-9FA7-4C8E-BF9C-4619A12473D9}.Debug|x64.ActiveCfg = Debug|x64
		{D9F0FB0E-9FA7-4C8E-BF9C-4619A12473D9}.Debug|x64.Build.0 = Debug|x64
		{D9F0FB0E-9FA7-4C8E-BF9C-4619A12473D9}.Debug|x86.ActiveCfg = Debug|Win32
		{D9F0FB0E-9FA7-4C8E-BF9C-4619A12473D9}.Debug|x86.Build.0 = Debug|Win32
		{D9F0FB0E-9FA7-4C8E-BF9C-4619A12473D9}.Release|x64.ActiveCfg = Release|x64
		{D9F0FB0E-9FA7-4C8E-BF9C-4619A12473D9}.Release|x64.Build.0 = Release|x64
		{D9F0FB0E-9FA7-4C8E-BF9C-4619A12473D9}.Release|x86.ActiveCfg = Release|Win32
		{D9F0FB0E-9FA7-4C8E-BF9C-4619A12473D9}.Release|x86.Build.0 = Release|Win32
		{178DEE3B-837E-4219-8C68-5F9C08F81EDE}.Debug|x64.ActiveCfg = Debug|x64
		{178DEE3B-837E-4219-8C68-5F9C08F81EDE}.Debug|x64.Build.0 = Debug|x64
		{178DEE3B-837E-4219-8C68-5F9C08F81EDE}.Debug|x86.ActiveCfg = Debug|Win32
		{178DEE3B-837E-4219-8C68-5F9C08F81EDE}.Debug|x86.Build.0 = Debug|Win32
		{178DEE3B-837E-4219-8C68-5F9C08F81EDE}.Release|x64.ActiveCfg = Release|x64
		{178DEE3B-837E-4219-8C68-5F9C08F81EDE}.Release|x64.Build.0 = Release|x64
		{178DEE3B-837E-4219-8C68-5F9C08F81EDE}.Release|x86.ActiveCfg = Release|Win32
		{178DEE3B-837E-4219-8C68-5F9C08F81EDE}.Release|x86.Build.0 = Release|Win32
		{68A8D2D1-1DBA-4918-9BEF-189E7DFAE4DF}.Debug|x64.ActiveCfg = Debug|x64
		{68A8D2D1-1DBA-4918-9BEF-189E7DFAE4DF}.Debug|x64.Build.0 = Debug|x64
		{68A8D2D1-1DBA-4918-9BEF-189E7DFAE4DF}.Debug|x86.ActiveCfg = Debug|Win32
		{68A8D2D1-1DBA-4918-9BEF-189E7DFAE4DF}.Debug|x86.Build.0 = Debug|Win32
		{68A8D2D1-1DBA-4918-9BEF-189E7DFAE4DF}.Release|x64.ActiveCfg = Release|x64
		{68A8D2D1-1DBA-4918-9BEF-189E7DFAE4DF}.Release|x64.Build.0 = Release|x64
		{68A8D2D1-1DBA-4918-9BEF-189E7DFAE4DF}.Release|x86.ActiveCfg = Release|Win32
		{68A8D2D1-1DBA-4918-9BEF-189E7DFAE4DF}.Release|x86.Build.0 = Release|Win32
		{1BC16A5F-E0A7-4E19-8455-889BD6247A25}.Debug|x64.ActiveCfg = Debug|x64
		{1BC16A5F-E0A7-4E19-8455-889BD6247A25}.Debug|x64.Build.0 = Debug|x64
		{1BC16A5F-E0A7-4E19-8455-889BD6247A25}.Debug|x86.ActiveCfg = Debug|Win32
		{1BC16A5F-E0A7-4E19-8455-889BD6247A25}.Debug|x86.Build.0 = Debug|Win32
		{1BC16A5F-E0A7-4E19-8455-889BD6247A25}.Release|x64.ActiveCfg = Release|x64
		{1BC16A5F-E0A7-4E19-8455-889BD6247A25}.Release|x64.Build.0 = Release|x64
		{1BC16A5F-E0A7-4E19-8455-889BD6247A25}.Release|x86.ActiveCfg = Release|Win32
		{1BC16A5F-E0A7-4E19-8455-889BD6247A25}.Release|x86.Build.0 = Release|Win32
		{51D8D04B-9571-4134-83A1-0B86C9F3175B}.Debug|x64.ActiveCfg = Debug|x64
		{51D8D04B-9571-4134-83A1-0B86C9F3175B}.Debug|x64.Build.0 = Debug|x64
		{51D8D04B-9571-4134-83A1-0B86C9F3175B}.Debug|x86.ActiveCfg = Debug|Win32
		{51D8D04B-9571-4134-83A1-0B86C9F3175B}.Debug|x86.Build.0 = Debug|Win32
		{51D8D04B-9571-4134-83A1-0B86C9F3175B}.Release|x64.ActiveCfg = Release|x64
		{51D8D04B-9571-4134-83A1-0B86C9F3175B}.Release|x64.Build.0 = Release|x64
		{51D8D04B-9571-4134-83A1-0B86C9F3175B}.Release|x86.ActiveCfg = Release|Win32
		{51D8D04B-9571-4134-83A1-0B86C9F3175B}.Release|x86.Build.0 = Release|Win32
		{710BAB3A-A0E2-4B66-8FA0-AE4F71D7A304}.Debug|x64.ActiveCfg = Debug|x64
		{710BAB3A-A0E2-4B66-8FA0-AE4F71D7A304}.Debug|x64.Build.0 = Debug|x64
		{710BAB3A-A0E2-4B66-8FA0-AE4F71D7A304}.Debug|x86.ActiveCfg = Debug|Win32
		{710BAB3A-A0E2-4B66-8FA0-AE4F71D7A304}.Debug|x86.Build.0 = Debug|Win32
		{710BAB3A-A0E2-4B66-8FA0-AE4F71D7A304}.Release|x64.ActiveCfg = Release|x64
		{710BAB3A-A0E2-4B66-8FA0-AE4F71D7A304}.Release|x64.Build.0 = Release|x64
		{710BAB3A-A0E2-4B66-8FA0-AE4F71D7A304}.Release|x86.ActiveCfg = Release|Win32
		{710BAB3A-A0E2-4B66-8FA0-AE4F71D7A304}.Release|x86.Build.0 = Release|Win32
		{EEC04535-A514-4DEF-8BE2-11FC16766A17}.Debug|x64.ActiveCfg = Debug|x64
		{EEC04535-A514-4DEF-8BE2-11FC16766A17}.Debug|x64.Build.0 = Debug|x64
		{EEC04535-A514-4DEF-8BE2-11FC16766A17}.Debug|x86.ActiveCfg = Debug|Win32
		{EEC04535-A514-4DEF-8BE2-11FC16766A17}.Debug|x86.Build.0 = Debug|Win32
		{EEC04535-A514-4DEF-8BE2-11FC16766A17}.Release|x64.ActiveCfg = Release|x64
		{EEC04535-A514-4DEF-8BE2-11FC16766A17}.Release|x64.Build.0 = Release|x64
		{EEC04535-A514-4DEF-8BE2-11FC16766A17}.Release|x86.ActiveCfg = Release|Win32
		{EEC04535-A514-4DEF-8BE2-11FC16766A17}.Release|x86.Build.0 = Release|Win32
		{9E4F5C3D-395F-45BC-9EE2-6838806C855C}.Debug|x64.ActiveCfg = Debug|x64
		{9E4F5C3D-395F-45BC-9EE2-6838806C855C}.Debug|x64.Build.0 = Debug|x64
		{9E4F5C3D-395F-45BC-9EE2-6838806C855C}.Debug|x86.ActiveCfg = Debug|Win32
		{9E4F5C3D-395F-45BC-9EE2-6838806C855C}.Debug|x86.Build.0 = Debug|Win32
		{9E4F5C3D-395F-45BC-9EE2-6838806C855C}.Release|x64.ActiveCfg = Release|x64
		{9E4F5C3D-395F-45BC-9EE2-6838806C855C}.Release|x64.Build.0 = Release|x64
		{9E4F5C3D-395F-45BC-9EE2-6838806C855C}.Release|x86.ActiveCfg = Release|Win32
		{9E4F5C3D-395F-45BC-9EE2-6838806C855C}.Release|x86.Build.0 = Release|Win32
	EndGlobalSection
	GlobalSection(SolutionProperties) = preSolution
		HideSolutionNode = FALSE
	EndGlobalSection
	GlobalSection(ExtensibilityGlobals) = postSolution
		SolutionGuid = {45CE1745-ADB9-4946-AD39-3B51B2FC9B27}
	EndGlobalSection
EndGlobal
